
Microsoft Visual Studio Solution File, Format Version 12.00
# Visual Studio 15
VisualStudioVersion = 15.0.28307.902
MinimumVisualStudioVersion = 10.0.40219.1
Project("{FAE04EC0-301F-11D3-BF4B-00C04F79EFBC}") = "Practika 6", "Practika 6\Practika 6.csproj", "{4004E3F1-9A34-4D5B-A036-F8DBB555D5F9}"
EndProject
Project("{FAE04EC0-301F-11D3-BF4B-00C04F79EFBC}") = "Practika_6 Tests", "Practika_6 Tests\Practika_6 Tests.csproj", "{C24EF7D7-2012-425F-A53C-4ABD539BC03B}"
EndProject
Global
	GlobalSection(SolutionConfigurationPlatforms) = preSolution
		Debug|Any CPU = Debug|Any CPU
		Release|Any CPU = Release|Any CPU
	EndGlobalSection
	GlobalSection(ProjectConfigurationPlatforms) = postSolution
		{4004E3F1-9A34-4D5B-A036-F8DBB555D5F9}.Debug|Any CPU.ActiveCfg = Debug|Any CPU
		{4004E3F1-9A34-4D5B-A036-F8DBB555D5F9}.Debug|Any CPU.Build.0 = Debug|Any CPU
		{4004E3F1-9A34-4D5B-A036-F8DBB555D5F9}.Release|Any CPU.ActiveCfg = Release|Any CPU
		{4004E3F1-9A34-4D5B-A036-F8DBB555D5F9}.Release|Any CPU.Build.0 = Release|Any CPU
		{C24EF7D7-2012-425F-A53C-4ABD539BC03B}.Debug|Any CPU.ActiveCfg = Debug|Any CPU
		{C24EF7D7-2012-425F-A53C-4ABD539BC03B}.Debug|Any CPU.Build.0 = Debug|Any CPU
		{C24EF7D7-2012-425F-A53C-4ABD539BC03B}.Release|Any CPU.ActiveCfg = Release|Any CPU
		{C24EF7D7-2012-425F-A53C-4ABD539BC03B}.Release|Any CPU.Build.0 = Release|Any CPU
	EndGlobalSection
	GlobalSection(SolutionProperties) = preSolution
		HideSolutionNode = FALSE
	EndGlobalSection
	GlobalSection(ExtensibilityGlobals) = postSolution
		SolutionGuid = {25E17959-2028-47A3-92B0-CFB9A8E96F12}
	EndGlobalSection
EndGlobal
